
Microsoft Visual Studio Solution File, Format Version 12.00
Project("{FAE04EC0-301F-11D3-BF4B-00C04F79EFBC}") = "Protos", "Protos\Protos.csproj", "{6E9633AD-9864-4D7F-929A-AC5749A8FF79}"
EndProject
Project("{FAE04EC0-301F-11D3-BF4B-00C04F79EFBC}") = "Service", "Service\Service.csproj", "{F1BB2FE0-6D34-49EE-B4F7-C5FFD35700D5}"
EndProject
Project("{FAE04EC0-301F-11D3-BF4B-00C04F79EFBC}") = "Client", "Client\Client.csproj", "{5274DD3C-EA21-4E94-816A-C9E9888825DD}"
EndProject
Global
	GlobalSection(SolutionConfigurationPlatforms) = preSolution
		Debug|Any CPU = Debug|Any CPU
		Release|Any CPU = Release|Any CPU
	EndGlobalSection
	GlobalSection(ProjectConfigurationPlatforms) = postSolution
		{6E9633AD-9864-4D7F-929A-AC5749A8FF79}.Debug|Any CPU.ActiveCfg = Debug|Any CPU
		{6E9633AD-9864-4D7F-929A-AC5749A8FF79}.Debug|Any CPU.Build.0 = Debug|Any CPU
		{6E9633AD-9864-4D7F-929A-AC5749A8FF79}.Release|Any CPU.ActiveCfg = Release|Any CPU
		{6E9633AD-9864-4D7F-929A-AC5749A8FF79}.Release|Any CPU.Build.0 = Release|Any CPU
		{F1BB2FE0-6D34-49EE-B4F7-C5FFD35700D5}.Debug|Any CPU.ActiveCfg = Debug|Any CPU
		{F1BB2FE0-6D34-49EE-B4F7-C5FFD35700D5}.Debug|Any CPU.Build.0 = Debug|Any CPU
		{F1BB2FE0-6D34-49EE-B4F7-C5FFD35700D5}.Release|Any CPU.ActiveCfg = Release|Any CPU
		{F1BB2FE0-6D34-49EE-B4F7-C5FFD35700D5}.Release|Any CPU.Build.0 = Release|Any CPU
		{5274DD3C-EA21-4E94-816A-C9E9888825DD}.Debug|Any CPU.ActiveCfg = Debug|Any CPU
		{5274DD3C-EA21-4E94-816A-C9E9888825DD}.Debug|Any CPU.Build.0 = Debug|Any CPU
		{5274DD3C-EA21-4E94-816A-C9E9888825DD}.Release|Any CPU.ActiveCfg = Release|Any CPU
		{5274DD3C-EA21-4E94-816A-C9E9888825DD}.Release|Any CPU.Build.0 = Release|Any CPU
	EndGlobalSection
EndGlobal
